// !$*UTF8*$!
{
	archiveVersion = 1;
	classes = {
	};
	objectVersion = 46;
	objects = {

/* Begin PBXBuildFile section */
		056721BC19F958DA0079B726 /* main.m in Sources */ = {isa = PBXBuildFile; fileRef = 056721BB19F958DA0079B726 /* main.m */; };
		056721BF19F958DA0079B726 /* AppDelegate.m in Sources */ = {isa = PBXBuildFile; fileRef = 056721BE19F958DA0079B726 /* AppDelegate.m */; };
		056721C219F958DA0079B726 /* CDThousandWords.xcdatamodeld in Sources */ = {isa = PBXBuildFile; fileRef = 056721C019F958DA0079B726 /* CDThousandWords.xcdatamodeld */; };
		056721CA19F958DA0079B726 /* Images.xcassets in Resources */ = {isa = PBXBuildFile; fileRef = 056721C919F958DA0079B726 /* Images.xcassets */; };
		056721CD19F958DA0079B726 /* LaunchScreen.xib in Resources */ = {isa = PBXBuildFile; fileRef = 056721CB19F958DA0079B726 /* LaunchScreen.xib */; };
		056721D919F958DA0079B726 /* CDThousandWordsTests.m in Sources */ = {isa = PBXBuildFile; fileRef = 056721D819F958DA0079B726 /* CDThousandWordsTests.m */; };
		056721E319F95AA10079B726 /* Storyboard.storyboard in Resources */ = {isa = PBXBuildFile; fileRef = 056721E219F95AA10079B726 /* Storyboard.storyboard */; };
		056721E619F95B420079B726 /* AlbumTableViewController.m in Sources */ = {isa = PBXBuildFile; fileRef = 056721E519F95B420079B726 /* AlbumTableViewController.m */; };
		056721EC19FAD6590079B726 /* CoreDataHelper.m in Sources */ = {isa = PBXBuildFile; fileRef = 056721EB19FAD6590079B726 /* CoreDataHelper.m */; };
		056721EF19FAD9B60079B726 /* PhotosCollectionViewController.m in Sources */ = {isa = PBXBuildFile; fileRef = 056721EE19FAD9B60079B726 /* PhotosCollectionViewController.m */; };
		058F3A6A19FC11980062D406 /* PhotoCollectionViewCell.m in Sources */ = {isa = PBXBuildFile; fileRef = 058F3A6919FC11980062D406 /* PhotoCollectionViewCell.m */; };
		058F3A6C19FC13C30062D406 /* astro.jpg in Resources */ = {isa = PBXBuildFile; fileRef = 058F3A6B19FC13C30062D406 /* astro.jpg */; };
		058F3A7319FC3A620062D406 /* PictureDataTransformer.m in Sources */ = {isa = PBXBuildFile; fileRef = 058F3A7219FC3A620062D406 /* PictureDataTransformer.m */; };
		058F3A7619FD5E9E0062D406 /* Photo.m in Sources */ = {isa = PBXBuildFile; fileRef = 058F3A7519FD5E9E0062D406 /* Photo.m */; };
		058F3A7919FD5E9F0062D406 /* Album.m in Sources */ = {isa = PBXBuildFile; fileRef = 058F3A7819FD5E9F0062D406 /* Album.m */; };
/* End PBXBuildFile section */

/* Begin PBXContainerItemProxy section */
		056721D319F958DA0079B726 /* PBXContainerItemProxy */ = {
			isa = PBXContainerItemProxy;
			containerPortal = 056721AE19F958DA0079B726 /* Project object */;
			proxyType = 1;
			remoteGlobalIDString = 056721B519F958DA0079B726;
			remoteInfo = CDThousandWords;
		};
/* End PBXContainerItemProxy section */

/* Begin PBXFileReference section */
		056721B619F958DA0079B726 /* CDThousandWords.app */ = {isa = PBXFileReference; explicitFileType = wrapper.application; includeInIndex = 0; path = CDThousandWords.app; sourceTree = BUILT_PRODUCTS_DIR; };
		056721BA19F958DA0079B726 /* Info.plist */ = {isa = PBXFileReference; lastKnownFileType = text.plist.xml; path = Info.plist; sourceTree = "<group>"; };
		056721BB19F958DA0079B726 /* main.m */ = {isa = PBXFileReference; lastKnownFileType = sourcecode.c.objc; path = main.m; sourceTree = "<group>"; };
		056721BD19F958DA0079B726 /* AppDelegate.h */ = {isa = PBXFileReference; lastKnownFileType = sourcecode.c.h; path = AppDelegate.h; sourceTree = "<group>"; };
		056721BE19F958DA0079B726 /* AppDelegate.m */ = {isa = PBXFileReference; lastKnownFileType = sourcecode.c.objc; path = AppDelegate.m; sourceTree = "<group>"; };
		056721C119F958DA0079B726 /* CDThousandWords.xcdatamodel */ = {isa = PBXFileReference; lastKnownFileType = wrapper.xcdatamodel; path = CDThousandWords.xcdatamodel; sourceTree = "<group>"; };
		056721C919F958DA0079B726 /* Images.xcassets */ = {isa = PBXFileReference; lastKnownFileType = folder.assetcatalog; path = Images.xcassets; sourceTree = "<group>"; };
		056721CC19F958DA0079B726 /* Base */ = {isa = PBXFileReference; lastKnownFileType = file.xib; name = Base; path = Base.lproj/LaunchScreen.xib; sourceTree = "<group>"; };
		056721D219F958DA0079B726 /* CDThousandWordsTests.xctest */ = {isa = PBXFileReference; explicitFileType = wrapper.cfbundle; includeInIndex = 0; path = CDThousandWordsTests.xctest; sourceTree = BUILT_PRODUCTS_DIR; };
		056721D719F958DA0079B726 /* Info.plist */ = {isa = PBXFileReference; lastKnownFileType = text.plist.xml; path = Info.plist; sourceTree = "<group>"; };
		056721D819F958DA0079B726 /* CDThousandWordsTests.m */ = {isa = PBXFileReference; lastKnownFileType = sourcecode.c.objc; path = CDThousandWordsTests.m; sourceTree = "<group>"; };
		056721E219F95AA10079B726 /* Storyboard.storyboard */ = {isa = PBXFileReference; fileEncoding = 4; lastKnownFileType = file.storyboard; path = Storyboard.storyboard; sourceTree = "<group>"; };
		056721E419F95B420079B726 /* AlbumTableViewController.h */ = {isa = PBXFileReference; fileEncoding = 4; lastKnownFileType = sourcecode.c.h; path = AlbumTableViewController.h; sourceTree = "<group>"; };
		056721E519F95B420079B726 /* AlbumTableViewController.m */ = {isa = PBXFileReference; fileEncoding = 4; lastKnownFileType = sourcecode.c.objc; path = AlbumTableViewController.m; sourceTree = "<group>"; };
		056721EA19FAD6590079B726 /* CoreDataHelper.h */ = {isa = PBXFileReference; fileEncoding = 4; lastKnownFileType = sourcecode.c.h; path = CoreDataHelper.h; sourceTree = "<group>"; };
		056721EB19FAD6590079B726 /* CoreDataHelper.m */ = {isa = PBXFileReference; fileEncoding = 4; lastKnownFileType = sourcecode.c.objc; path = CoreDataHelper.m; sourceTree = "<group>"; };
		056721ED19FAD9B60079B726 /* PhotosCollectionViewController.h */ = {isa = PBXFileReference; fileEncoding = 4; lastKnownFileType = sourcecode.c.h; path = PhotosCollectionViewController.h; sourceTree = "<group>"; };
		056721EE19FAD9B60079B726 /* PhotosCollectionViewController.m */ = {isa = PBXFileReference; fileEncoding = 4; lastKnownFileType = sourcecode.c.objc; path = PhotosCollectionViewController.m; sourceTree = "<group>"; };
		058F3A6819FC11980062D406 /* PhotoCollectionViewCell.h */ = {isa = PBXFileReference; fileEncoding = 4; lastKnownFileType = sourcecode.c.h; path = PhotoCollectionViewCell.h; sourceTree = "<group>"; };
		058F3A6919FC11980062D406 /* PhotoCollectionViewCell.m */ = {isa = PBXFileReference; fileEncoding = 4; lastKnownFileType = sourcecode.c.objc; path = PhotoCollectionViewCell.m; sourceTree = "<group>"; };
		058F3A6B19FC13C30062D406 /* astro.jpg */ = {isa = PBXFileReference; lastKnownFileType = image.jpeg; path = astro.jpg; sourceTree = "<group>"; };
		058F3A7119FC3A620062D406 /* PictureDataTransformer.h */ = {isa = PBXFileReference; fileEncoding = 4; lastKnownFileType = sourcecode.c.h; path = PictureDataTransformer.h; sourceTree = "<group>"; };
		058F3A7219FC3A620062D406 /* PictureDataTransformer.m */ = {isa = PBXFileReference; fileEncoding = 4; lastKnownFileType = sourcecode.c.objc; path = PictureDataTransformer.m; sourceTree = "<group>"; };
		058F3A7419FD5E9E0062D406 /* Photo.h */ = {isa = PBXFileReference; fileEncoding = 4; lastKnownFileType = sourcecode.c.h; name = Photo.h; path = ../Photo.h; sourceTree = "<group>"; };
		058F3A7519FD5E9E0062D406 /* Photo.m */ = {isa = PBXFileReference; fileEncoding = 4; lastKnownFileType = sourcecode.c.objc; name = Photo.m; path = ../Photo.m; sourceTree = "<group>"; };
		058F3A7719FD5E9F0062D406 /* Album.h */ = {isa = PBXFileReference; fileEncoding = 4; lastKnownFileType = sourcecode.c.h; name = Album.h; path = ../Album.h; sourceTree = "<group>"; };
		058F3A7819FD5E9F0062D406 /* Album.m */ = {isa = PBXFileReference; fileEncoding = 4; lastKnownFileType = sourcecode.c.objc; name = Album.m; path = ../Album.m; sourceTree = "<group>"; };
/* End PBXFileReference section */

/* Begin PBXFrameworksBuildPhase section */
		056721B319F958DA0079B726 /* Frameworks */ = {
			isa = PBXFrameworksBuildPhase;
			buildActionMask = 2147483647;
			files = (
			);
			runOnlyForDeploymentPostprocessing = 0;
		};
		056721CF19F958DA0079B726 /* Frameworks */ = {
			isa = PBXFrameworksBuildPhase;
			buildActionMask = 2147483647;
			files = (
			);
			runOnlyForDeploymentPostprocessing = 0;
		};
/* End PBXFrameworksBuildPhase section */

/* Begin PBXGroup section */
		056721AD19F958DA0079B726 = {
			isa = PBXGroup;
			children = (
				056721B819F958DA0079B726 /* CDThousandWords */,
				056721D519F958DA0079B726 /* CDThousandWordsTests */,
				056721B719F958DA0079B726 /* Products */,
			);
			sourceTree = "<group>";
		};
		056721B719F958DA0079B726 /* Products */ = {
			isa = PBXGroup;
			children = (
				056721B619F958DA0079B726 /* CDThousandWords.app */,
				056721D219F958DA0079B726 /* CDThousandWordsTests.xctest */,
			);
			name = Products;
			sourceTree = "<group>";
		};
		056721B819F958DA0079B726 /* CDThousandWords */ = {
			isa = PBXGroup;
			children = (
				056721E219F95AA10079B726 /* Storyboard.storyboard */,
				058F3A6819FC11980062D406 /* PhotoCollectionViewCell.h */,
				058F3A6919FC11980062D406 /* PhotoCollectionViewCell.m */,
				056721E419F95B420079B726 /* AlbumTableViewController.h */,
				056721E519F95B420079B726 /* AlbumTableViewController.m */,
				056721ED19FAD9B60079B726 /* PhotosCollectionViewController.h */,
				056721EE19FAD9B60079B726 /* PhotosCollectionViewController.m */,
				056721EA19FAD6590079B726 /* CoreDataHelper.h */,
				056721EB19FAD6590079B726 /* CoreDataHelper.m */,
				056721C919F958DA0079B726 /* Images.xcassets */,
				056721CB19F958DA0079B726 /* LaunchScreen.xib */,
				058F3A7019FC23680062D406 /* CoreData */,
				056721B919F958DA0079B726 /* Supporting Files */,
			);
			path = CDThousandWords;
			sourceTree = "<group>";
		};
		056721B919F958DA0079B726 /* Supporting Files */ = {
			isa = PBXGroup;
			children = (
				058F3A6B19FC13C30062D406 /* astro.jpg */,
				056721BD19F958DA0079B726 /* AppDelegate.h */,
				056721BE19F958DA0079B726 /* AppDelegate.m */,
				056721BA19F958DA0079B726 /* Info.plist */,
				056721BB19F958DA0079B726 /* main.m */,
			);
			name = "Supporting Files";
			sourceTree = "<group>";
		};
		056721D519F958DA0079B726 /* CDThousandWordsTests */ = {
			isa = PBXGroup;
			children = (
				056721D819F958DA0079B726 /* CDThousandWordsTests.m */,
				056721D619F958DA0079B726 /* Supporting Files */,
			);
			path = CDThousandWordsTests;
			sourceTree = "<group>";
		};
		056721D619F958DA0079B726 /* Supporting Files */ = {
			isa = PBXGroup;
			children = (
				056721D719F958DA0079B726 /* Info.plist */,
			);
			name = "Supporting Files";
			sourceTree = "<group>";
		};
		058F3A7019FC23680062D406 /* CoreData */ = {
			isa = PBXGroup;
			children = (
				056721C019F958DA0079B726 /* CDThousandWords.xcdatamodeld */,
				058F3A7719FD5E9F0062D406 /* Album.h */,
				058F3A7819FD5E9F0062D406 /* Album.m */,
				058F3A7419FD5E9E0062D406 /* Photo.h */,
				058F3A7519FD5E9E0062D406 /* Photo.m */,
				058F3A7119FC3A620062D406 /* PictureDataTransformer.h */,
				058F3A7219FC3A620062D406 /* PictureDataTransformer.m */,
			);
			name = CoreData;
			sourceTree = "<group>";
		};
/* End PBXGroup section */

/* Begin PBXNativeTarget section */
		056721B519F958DA0079B726 /* CDThousandWords */ = {
			isa = PBXNativeTarget;
			buildConfigurationList = 056721DC19F958DA0079B726 /* Build configuration list for PBXNativeTarget "CDThousandWords" */;
			buildPhases = (
				056721B219F958DA0079B726 /* Sources */,
				056721B319F958DA0079B726 /* Frameworks */,
				056721B419F958DA0079B726 /* Resources */,
			);
			buildRules = (
			);
			dependencies = (
			);
			name = CDThousandWords;
			productName = CDThousandWords;
			productReference = 056721B619F958DA0079B726 /* CDThousandWords.app */;
			productType = "com.apple.product-type.application";
		};
		056721D119F958DA0079B726 /* CDThousandWordsTests */ = {
			isa = PBXNativeTarget;
			buildConfigurationList = 056721DF19F958DA0079B726 /* Build configuration list for PBXNativeTarget "CDThousandWordsTests" */;
			buildPhases = (
				056721CE19F958DA0079B726 /* Sources */,
				056721CF19F958DA0079B726 /* Frameworks */,
				056721D019F958DA0079B726 /* Resources */,
			);
			buildRules = (
			);
			dependencies = (
				056721D419F958DA0079B726 /* PBXTargetDependency */,
			);
			name = CDThousandWordsTests;
			productName = CDThousandWordsTests;
			productReference = 056721D219F958DA0079B726 /* CDThousandWordsTests.xctest */;
			productType = "com.apple.product-type.bundle.unit-test";
		};
/* End PBXNativeTarget section */

/* Begin PBXProject section */
		056721AE19F958DA0079B726 /* Project object */ = {
			isa = PBXProject;
			attributes = {
				LastUpgradeCheck = 0610;
				ORGANIZATIONNAME = FiixedMobile;
				TargetAttributes = {
					056721B519F958DA0079B726 = {
						CreatedOnToolsVersion = 6.1;
					};
					056721D119F958DA0079B726 = {
						CreatedOnToolsVersion = 6.1;
						TestTargetID = 056721B519F958DA0079B726;
					};
				};
			};
			buildConfigurationList = 056721B119F958DA0079B726 /* Build configuration list for PBXProject "CDThousandWords" */;
			compatibilityVersion = "Xcode 3.2";
			developmentRegion = English;
			hasScannedForEncodings = 0;
			knownRegions = (
				en,
				Base,
			);
			mainGroup = 056721AD19F958DA0079B726;
			productRefGroup = 056721B719F958DA0079B726 /* Products */;
			projectDirPath = "";
			projectRoot = "";
			targets = (
				056721B519F958DA0079B726 /* CDThousandWords */,
				056721D119F958DA0079B726 /* CDThousandWordsTests */,
			);
		};
/* End PBXProject section */

/* Begin PBXResourcesBuildPhase section */
		056721B419F958DA0079B726 /* Resources */ = {
			isa = PBXResourcesBuildPhase;
			buildActionMask = 2147483647;
			files = (
				056721CD19F958DA0079B726 /* LaunchScreen.xib in Resources */,
				056721CA19F958DA0079B726 /* Images.xcassets in Resources */,
				056721E319F95AA10079B726 /* Storyboard.storyboard in Resources */,
				058F3A6C19FC13C30062D406 /* astro.jpg in Resources */,
			);
			runOnlyForDeploymentPostprocessing = 0;
		};
		056721D019F958DA0079B726 /* Resources */ = {
			isa = PBXResourcesBuildPhase;
			buildActionMask = 2147483647;
			files = (
			);
			runOnlyForDeploymentPostprocessing = 0;
		};
/* End PBXResourcesBuildPhase section */

/* Begin PBXSourcesBuildPhase section */
		056721B219F958DA0079B726 /* Sources */ = {
			isa = PBXSourcesBuildPhase;
			buildActionMask = 2147483647;
			files = (
				058F3A7319FC3A620062D406 /* PictureDataTransformer.m in Sources */,
				056721EC19FAD6590079B726 /* CoreDataHelper.m in Sources */,
				056721BF19F958DA0079B726 /* AppDelegate.m in Sources */,
				058F3A7919FD5E9F0062D406 /* Album.m in Sources */,
				058F3A7619FD5E9E0062D406 /* Photo.m in Sources */,
				056721E619F95B420079B726 /* AlbumTableViewController.m in Sources */,
				056721EF19FAD9B60079B726 /* PhotosCollectionViewController.m in Sources */,
				056721BC19F958DA0079B726 /* main.m in Sources */,
				058F3A6A19FC11980062D406 /* PhotoCollectionViewCell.m in Sources */,
				056721C219F958DA0079B726 /* CDThousandWords.xcdatamodeld in Sources */,
			);
			runOnlyForDeploymentPostprocessing = 0;
		};
		056721CE19F958DA0079B726 /* Sources */ = {
			isa = PBXSourcesBuildPhase;
			buildActionMask = 2147483647;
			files = (
				056721D919F958DA0079B726 /* CDThousandWordsTests.m in Sources */,
			);
			runOnlyForDeploymentPostprocessing = 0;
		};
/* End PBXSourcesBuildPhase section */

/* Begin PBXTargetDependency section */
		056721D419F958DA0079B726 /* PBXTargetDependency */ = {
			isa = PBXTargetDependency;
			target = 056721B519F958DA0079B726 /* CDThousandWords */;
			targetProxy = 056721D319F958DA0079B726 /* PBXContainerItemProxy */;
		};
/* End PBXTargetDependency section */

/* Begin PBXVariantGroup section */
		056721CB19F958DA0079B726 /* LaunchScreen.xib */ = {
			isa = PBXVariantGroup;
			children = (
				056721CC19F958DA0079B726 /* Base */,
			);
			name = LaunchScreen.xib;
			sourceTree = "<group>";
		};
/* End PBXVariantGroup section */

/* Begin XCBuildConfiguration section */
		056721DA19F958DA0079B726 /* Debug */ = {
			isa = XCBuildConfiguration;
			buildSettings = {
				ALWAYS_SEARCH_USER_PATHS = NO;
				CLANG_CXX_LANGUAGE_STANDARD = "gnu++0x";
				CLANG_CXX_LIBRARY = "libc++";
				CLANG_ENABLE_MODULES = YES;
				CLANG_ENABLE_OBJC_ARC = YES;
				CLANG_WARN_BOOL_CONVERSION = YES;
				CLANG_WARN_CONSTANT_CONVERSION = YES;
				CLANG_WARN_DIRECT_OBJC_ISA_USAGE = YES_ERROR;
				CLANG_WARN_EMPTY_BODY = YES;
				CLANG_WARN_ENUM_CONVERSION = YES;
				CLANG_WARN_INT_CONVERSION = YES;
				CLANG_WARN_OBJC_ROOT_CLASS = YES_ERROR;
				CLANG_WARN_UNREACHABLE_CODE = YES;
				CLANG_WARN__DUPLICATE_METHOD_MATCH = YES;
				"CODE_SIGN_IDENTITY[sdk=iphoneos*]" = "iPhone Developer";
				COPY_PHASE_STRIP = NO;
				ENABLE_STRICT_OBJC_MSGSEND = YES;
				GCC_C_LANGUAGE_STANDARD = gnu99;
				GCC_DYNAMIC_NO_PIC = NO;
				GCC_OPTIMIZATION_LEVEL = 0;
				GCC_PREPROCESSOR_DEFINITIONS = (
					"DEBUG=1",
					"$(inherited)",
				);
				GCC_SYMBOLS_PRIVATE_EXTERN = NO;
				GCC_WARN_64_TO_32_BIT_CONVERSION = YES;
				GCC_WARN_ABOUT_RETURN_TYPE = YES_ERROR;
				GCC_WARN_UNDECLARED_SELECTOR = YES;
				GCC_WARN_UNINITIALIZED_AUTOS = YES_AGGRESSIVE;
				GCC_WARN_UNUSED_FUNCTION = YES;
				GCC_WARN_UNUSED_VARIABLE = YES;
				IPHONEOS_DEPLOYMENT_TARGET = 8.1;
				MTL_ENABLE_DEBUG_INFO = YES;
				ONLY_ACTIVE_ARCH = YES;
				SDKROOT = iphoneos;
			};
			name = Debug;
		};
		056721DB19F958DA0079B726 /* Release */ = {
			isa = XCBuildConfiguration;
			buildSettings = {
				ALWAYS_SEARCH_USER_PATHS = NO;
				CLANG_CXX_LANGUAGE_STANDARD = "gnu++0x";
				CLANG_CXX_LIBRARY = "libc++";
				CLANG_ENABLE_MODULES = YES;
				CLANG_ENABLE_OBJC_ARC = YES;
				CLANG_WARN_BOOL_CONVERSION = YES;
				CLANG_WARN_CONSTANT_CONVERSION = YES;
				CLANG_WARN_DIRECT_OBJC_ISA_USAGE = YES_ERROR;
				CLANG_WARN_EMPTY_BODY = YES;
				CLANG_WARN_ENUM_CONVERSION = YES;
				CLANG_WARN_INT_CONVERSION = YES;
				CLANG_WARN_OBJC_ROOT_CLASS = YES_ERROR;
				CLANG_WARN_UNREACHABLE_CODE = YES;
				CLANG_WARN__DUPLICATE_METHOD_MATCH = YES;
				"CODE_SIGN_IDENTITY[sdk=iphoneos*]" = "iPhone Developer";
				COPY_PHASE_STRIP = YES;
				ENABLE_NS_ASSERTIONS = NO;
				ENABLE_STRICT_OBJC_MSGSEND = YES;
				GCC_C_LANGUAGE_STANDARD = gnu99;
				GCC_WARN_64_TO_32_BIT_CONVERSION = YES;
				GCC_WARN_ABOUT_RETURN_TYPE = YES_ERROR;
				GCC_WARN_UNDECLARED_SELECTOR = YES;
				GCC_WARN_UNINITIALIZED_AUTOS = YES_AGGRESSIVE;
				GCC_WARN_UNUSED_FUNCTION = YES;
				GCC_WARN_UNUSED_VARIABLE = YES;
				IPHONEOS_DEPLOYMENT_TARGET = 8.1;
				MTL_ENABLE_DEBUG_INFO = NO;
				SDKROOT = iphoneos;
				VALIDATE_PRODUCT = YES;
			};
			name = Release;
		};
		056721DD19F958DA0079B726 /* Debug */ = {
			isa = XCBuildConfiguration;
			buildSettings = {
				ASSETCATALOG_COMPILER_APPICON_NAME = AppIcon;
				INFOPLIST_FILE = CDThousandWords/Info.plist;
				LD_RUNPATH_SEARCH_PATHS = "$(inherited) @executable_path/Frameworks";
				PRODUCT_NAME = "$(TARGET_NAME)";
			};
			name = Debug;
		};
		056721DE19F958DA0079B726 /* Release */ = {
			isa = XCBuildConfiguration;
			buildSettings = {
				ASSETCATALOG_COMPILER_APPICON_NAME = AppIcon;
				INFOPLIST_FILE = CDThousandWords/Info.plist;
				LD_RUNPATH_SEARCH_PATHS = "$(inherited) @executable_path/Frameworks";
				PRODUCT_NAME = "$(TARGET_NAME)";
			};
			name = Release;
		};
		056721E019F958DA0079B726 /* Debug */ = {
			isa = XCBuildConfiguration;
			buildSettings = {
				BUNDLE_LOADER = "$(TEST_HOST)";
				FRAMEWORK_SEARCH_PATHS = (
					"$(SDKROOT)/Developer/Library/Frameworks",
					"$(inherited)",
				);
				GCC_PREPROCESSOR_DEFINITIONS = (
					"DEBUG=1",
					"$(inherited)",
				);
				INFOPLIST_FILE = CDThousandWordsTests/Info.plist;
				LD_RUNPATH_SEARCH_PATHS = "$(inherited) @executable_path/Frameworks @loader_path/Frameworks";
				PRODUCT_NAME = "$(TARGET_NAME)";
				TEST_HOST = "$(BUILT_PRODUCTS_DIR)/CDThousandWords.app/CDThousandWords";
			};
			name = Debug;
		};
		056721E119F958DA0079B726 /* Release */ = {
			isa = XCBuildConfiguration;
			buildSettings = {
				BUNDLE_LOADER = "$(TEST_HOST)";
				FRAMEWORK_SEARCH_PATHS = (
					"$(SDKROOT)/Developer/Library/Frameworks",
					"$(inherited)",
				);
				INFOPLIST_FILE = CDThousandWordsTests/Info.plist;
				LD_RUNPATH_SEARCH_PATHS = "$(inherited) @executable_path/Frameworks @loader_path/Frameworks";
				PRODUCT_NAME = "$(TARGET_NAME)";
				TEST_HOST = "$(BUILT_PRODUCTS_DIR)/CDThousandWords.app/CDThousandWords";
			};
			name = Release;
		};
/* End XCBuildConfiguration section */

/* Begin XCConfigurationList section */
		056721B119F958DA0079B726 /* Build configuration list for PBXProject "CDThousandWords" */ = {
			isa = XCConfigurationList;
			buildConfigurations = (
				056721DA19F958DA0079B726 /* Debug */,
				056721DB19F958DA0079B726 /* Release */,
			);
			defaultConfigurationIsVisible = 0;
			defaultConfigurationName = Release;
		};
		056721DC19F958DA0079B726 /* Build configuration list for PBXNativeTarget "CDThousandWords" */ = {
			isa = XCConfigurationList;
			buildConfigurations = (
				056721DD19F958DA0079B726 /* Debug */,
				056721DE19F958DA0079B726 /* Release */,
			);
			defaultConfigurationIsVisible = 0;
			defaultConfigurationName = Release;
		};
		056721DF19F958DA0079B726 /* Build configuration list for PBXNativeTarget "CDThousandWordsTests" */ = {
			isa = XCConfigurationList;
			buildConfigurations = (
				056721E019F958DA0079B726 /* Debug */,
				056721E119F958DA0079B726 /* Release */,
			);
			defaultConfigurationIsVisible = 0;
			defaultConfigurationName = Release;
		};
/* End XCConfigurationList section */

/* Begin XCVersionGroup section */
		056721C019F958DA0079B726 /* CDThousandWords.xcdatamodeld */ = {
			isa = XCVersionGroup;
			children = (
				056721C119F958DA0079B726 /* CDThousandWords.xcdatamodel */,
			);
			currentVersion = 056721C119F958DA0079B726 /* CDThousandWords.xcdatamodel */;
			path = CDThousandWords.xcdatamodeld;
			sourceTree = "<group>";
			versionGroupType = wrapper.xcdatamodel;
		};
/* End XCVersionGroup section */
	};
	rootObject = 056721AE19F958DA0079B726 /* Project object */;
}
